
Microsoft Visual Studio Solution File, Format Version 12.00
# Visual Studio Version 17
VisualStudioVersion = 17.4.33213.308
MinimumVisualStudioVersion = 10.0.40219.1
Project("{FAE04EC0-301F-11D3-BF4B-00C04F79EFBC}") = "TowelsMvc", "TowelsMvc\TowelsMvc.csproj", "{0CCB455C-F0E3-4AEF-9BD0-37186E95D772}"
EndProject
Global
	GlobalSection(SolutionConfigurationPlatforms) = preSolution
		Debug|Any CPU = Debug|Any CPU
		Release|Any CPU = Release|Any CPU
	EndGlobalSection
	GlobalSection(ProjectConfigurationPlatforms) = postSolution
		{0CCB455C-F0E3-4AEF-9BD0-37186E95D772}.Debug|Any CPU.ActiveCfg = Debug|Any CPU
		{0CCB455C-F0E3-4AEF-9BD0-37186E95D772}.Debug|Any CPU.Build.0 = Debug|Any CPU
		{0CCB455C-F0E3-4AEF-9BD0-37186E95D772}.Release|Any CPU.ActiveCfg = Release|Any CPU
		{0CCB455C-F0E3-4AEF-9BD0-37186E95D772}.Release|Any CPU.Build.0 = Release|Any CPU
	EndGlobalSection
	GlobalSection(SolutionProperties) = preSolution
		HideSolutionNode = FALSE
	EndGlobalSection
	GlobalSection(ExtensibilityGlobals) = postSolution
		SolutionGuid = {AA43745A-0D4A-4567-AA54-2F4ED8CCA121}
	EndGlobalSection
EndGlobal
